{
  "name": "example-project",
  "lockfileVersion": 1,
  "requires": true,
  "packages": {
    "": {
      "dependencies": {
        "@types/node": "^14.14.37",
        "node": "^14.15.4"
      }
    },
    "@types/node": {
      "version": "14.14.37",
      "resolved": "https://registry.npmjs.org/@types/node/-/node-14.14.37.tgz",
      "integrity": "sha512-4zAu9X0H6r11r2T2TD6AbjU6meeU6x8fPghbLRIFjBzzFzHmUsJCLuV7lLlLwYjrEoXDxKKoUqas3NzIeE2XKQ=="
    },
    "node": {
      "version": "14.15.4",
      "resolved": "https://registry.npmjs.org/node/-/node-14.15.4.tgz",
      "integrity": "sha512-68+8CtOL9xnFB9+FApOtOAiGvO2GwES1Yo2n8e/oZ2QDgxz4fz9cu0zoFBv8Iq5mgPRuxwBS7ZtNohL+vG7EQ=="
    }
  },
  "dependencies": {
    "@types/node": {
      "version": "14.14.37",
      "resolved": "https://registry.npmjs.org/@types/node/-/node-14.14.37.tgz",
      "integrity": "sha512-4zAu9X0H6r11r2T2TD6AbjU6meeU6x8fPghbLRIFjBzzFzHmUsJCLuV7lLlLwYjrEoXDxKKoUqas3NzIeE2XKQ=="
    },
    "node": {
      "version": "14.15.4",
      "resolved": "https://registry.npmjs.org/node/-/node-14.15.4.tgz",
      "integrity": "sha512-68+8CtOL9xnFB9+FApOtOAiGvO2GwES1Yo2n8e/oZ2QDgxz4fz9cu0zoFBv8Iq5mgPRuxwBS7ZtNohL+vG7EQ=="
    }
  }
}

